
Microsoft Visual Studio Solution File, Format Version 12.00
# Visual Studio Version 17
VisualStudioVersion = 17.14.36603.0 d17.14
MinimumVisualStudioVersion = 10.0.40219.1
Project("{FAE04EC0-301F-11D3-BF4B-00C04F79EFBC}") = "API", "API\API.csproj", "{F96D8891-BFC1-497D-A559-E1419646500D}"
EndProject
Project("{FAE04EC0-301F-11D3-BF4B-00C04F79EFBC}") = "Test", "Test\Test.csproj", "{061895D5-2C89-45DB-A4F1-3F4A59682472}"
EndProject
Global
	GlobalSection(SolutionConfigurationPlatforms) = preSolution
		Debug|Any CPU = Debug|Any CPU
		Release|Any CPU = Release|Any CPU
	EndGlobalSection
	GlobalSection(ProjectConfigurationPlatforms) = postSolution
		{F96D8891-BFC1-497D-A559-E1419646500D}.Debug|Any CPU.ActiveCfg = Debug|Any CPU
		{F96D8891-BFC1-497D-A559-E1419646500D}.Debug|Any CPU.Build.0 = Debug|Any CPU
		{F96D8891-BFC1-497D-A559-E1419646500D}.Release|Any CPU.ActiveCfg = Release|Any CPU
		{F96D8891-BFC1-497D-A559-E1419646500D}.Release|Any CPU.Build.0 = Release|Any CPU
		{061895D5-2C89-45DB-A4F1-3F4A59682472}.Debug|Any CPU.ActiveCfg = Debug|Any CPU
		{061895D5-2C89-45DB-A4F1-3F4A59682472}.Debug|Any CPU.Build.0 = Debug|Any CPU
		{061895D5-2C89-45DB-A4F1-3F4A59682472}.Release|Any CPU.ActiveCfg = Release|Any CPU
		{061895D5-2C89-45DB-A4F1-3F4A59682472}.Release|Any CPU.Build.0 = Release|Any CPU
	EndGlobalSection
	GlobalSection(SolutionProperties) = preSolution
		HideSolutionNode = FALSE
	EndGlobalSection
	GlobalSection(ExtensibilityGlobals) = postSolution
		SolutionGuid = {08CEE7D1-8EA1-425B-84C2-FF51F193AC3F}
	EndGlobalSection
EndGlobal
